// !$*UTF8*$!
{
	archiveVersion = 1;
	classes = {
	};
	objectVersion = 55;
	objects = {

/* Begin PBXBuildFile section */
		F8046A9A27A54B4B0028D5D3 /* AppDelegate.swift in Sources */ = {isa = PBXBuildFile; fileRef = F8046A9927A54B4B0028D5D3 /* AppDelegate.swift */; };
		F8046A9C27A54B4B0028D5D3 /* SceneDelegate.swift in Sources */ = {isa = PBXBuildFile; fileRef = F8046A9B27A54B4B0028D5D3 /* SceneDelegate.swift */; };
		F8046A9E27A54B4B0028D5D3 /* ViewController.swift in Sources */ = {isa = PBXBuildFile; fileRef = F8046A9D27A54B4B0028D5D3 /* ViewController.swift */; };
		F8046AA127A54B4B0028D5D3 /* Main.storyboard in Resources */ = {isa = PBXBuildFile; fileRef = F8046A9F27A54B4B0028D5D3 /* Main.storyboard */; };
		F8046AA327A54B4C0028D5D3 /* Assets.xcassets in Resources */ = {isa = PBXBuildFile; fileRef = F8046AA227A54B4C0028D5D3 /* Assets.xcassets */; };
		F8046AA627A54B4C0028D5D3 /* LaunchScreen.storyboard in Resources */ = {isa = PBXBuildFile; fileRef = F8046AA427A54B4C0028D5D3 /* LaunchScreen.storyboard */; };
		F8046AB127A54B4C0028D5D3 /* helloTests.swift in Sources */ = {isa = PBXBuildFile; fileRef = F8046AB027A54B4C0028D5D3 /* helloTests.swift */; };
		F8046ABB27A54B4C0028D5D3 /* helloUITests.swift in Sources */ = {isa = PBXBuildFile; fileRef = F8046ABA27A54B4C0028D5D3 /* helloUITests.swift */; };
		F8046ABD27A54B4C0028D5D3 /* helloUITestsLaunchTests.swift in Sources */ = {isa = PBXBuildFile; fileRef = F8046ABC27A54B4C0028D5D3 /* helloUITestsLaunchTests.swift */; };
/* End PBXBuildFile section */

/* Begin PBXContainerItemProxy section */
		F8046AAD27A54B4C0028D5D3 /* PBXContainerItemProxy */ = {
			isa = PBXContainerItemProxy;
			containerPortal = F8046A8E27A54B4B0028D5D3 /* Project object */;
			proxyType = 1;
			remoteGlobalIDString = F8046A9527A54B4B0028D5D3;
			remoteInfo = hello;
		};
		F8046AB727A54B4C0028D5D3 /* PBXContainerItemProxy */ = {
			isa = PBXContainerItemProxy;
			containerPortal = F8046A8E27A54B4B0028D5D3 /* Project object */;
			proxyType = 1;
			remoteGlobalIDString = F8046A9527A54B4B0028D5D3;
			remoteInfo = hello;
		};
/* End PBXContainerItemProxy section */

/* Begin PBXFileReference section */
		F8046A9627A54B4B0028D5D3 /* hello.app */ = {isa = PBXFileReference; explicitFileType = wrapper.application; includeInIndex = 0; path = hello.app; sourceTree = BUILT_PRODUCTS_DIR; };
		F8046A9927A54B4B0028D5D3 /* AppDelegate.swift */ = {isa = PBXFileReference; lastKnownFileType = sourcecode.swift; path = AppDelegate.swift; sourceTree = "<group>"; };
		F8046A9B27A54B4B0028D5D3 /* SceneDelegate.swift */ = {isa = PBXFileReference; lastKnownFileType = sourcecode.swift; path = SceneDelegate.swift; sourceTree = "<group>"; };
		F8046A9D27A54B4B0028D5D3 /* ViewController.swift */ = {isa = PBXFileReference; lastKnownFileType = sourcecode.swift; path = ViewController.swift; sourceTree = "<group>"; };
		F8046AA027A54B4B0028D5D3 /* Base */ = {isa = PBXFileReference; lastKnownFileType = file.storyboard; name = Base; path = Base.lproj/Main.storyboard; sourceTree = "<group>"; };
		F8046AA227A54B4C0028D5D3 /* Assets.xcassets */ = {isa = PBXFileReference; lastKnownFileType = folder.assetcatalog; path = Assets.xcassets; sourceTree = "<group>"; };
		F8046AA527A54B4C0028D5D3 /* Base */ = {isa = PBXFileReference; lastKnownFileType = file.storyboard; name = Base; path = Base.lproj/LaunchScreen.storyboard; sourceTree = "<group>"; };
		F8046AA727A54B4C0028D5D3 /* Info.plist */ = {isa = PBXFileReference; lastKnownFileType = text.plist.xml; path = Info.plist; sourceTree = "<group>"; };
		F8046AAC27A54B4C0028D5D3 /* helloTests.xctest */ = {isa = PBXFileReference; explicitFileType = wrapper.cfbundle; includeInIndex = 0; path = helloTests.xctest; sourceTree = BUILT_PRODUCTS_DIR; };
		F8046AB027A54B4C0028D5D3 /* helloTests.swift */ = {isa = PBXFileReference; lastKnownFileType = sourcecode.swift; path = helloTests.swift; sourceTree = "<group>"; };
		F8046AB627A54B4C0028D5D3 /* helloUITests.xctest */ = {isa = PBXFileReference; explicitFileType = wrapper.cfbundle; includeInIndex = 0; path = helloUITests.xctest; sourceTree = BUILT_PRODUCTS_DIR; };
		F8046ABA27A54B4C0028D5D3 /* helloUITests.swift */ = {isa = PBXFileReference; lastKnownFileType = sourcecode.swift; path = helloUITests.swift; sourceTree = "<group>"; };
		F8046ABC27A54B4C0028D5D3 /* helloUITestsLaunchTests.swift */ = {isa = PBXFileReference; lastKnownFileType = sourcecode.swift; path = helloUITestsLaunchTests.swift; sourceTree = "<group>"; };
/* End PBXFileReference section */

/* Begin PBXFrameworksBuildPhase section */
		F8046A9327A54B4B0028D5D3 /* Frameworks */ = {
			isa = PBXFrameworksBuildPhase;
			buildActionMask = 2147483647;
			files = (
			);
			runOnlyForDeploymentPostprocessing = 0;
		};
		F8046AA927A54B4C0028D5D3 /* Frameworks */ = {
			isa = PBXFrameworksBuildPhase;
			buildActionMask = 2147483647;
			files = (
			);
			runOnlyForDeploymentPostprocessing = 0;
		};
		F8046AB327A54B4C0028D5D3 /* Frameworks */ = {
			isa = PBXFrameworksBuildPhase;
			buildActionMask = 2147483647;
			files = (
			);
			runOnlyForDeploymentPostprocessing = 0;
		};
/* End PBXFrameworksBuildPhase section */

/* Begin PBXGroup section */
		F8046A8D27A54B4B0028D5D3 = {
			isa = PBXGroup;
			children = (
				F8046A9827A54B4B0028D5D3 /* hello */,
				F8046AAF27A54B4C0028D5D3 /* helloTests */,
				F8046AB927A54B4C0028D5D3 /* helloUITests */,
				F8046A9727A54B4B0028D5D3 /* Products */,
			);
			sourceTree = "<group>";
		};
		F8046A9727A54B4B0028D5D3 /* Products */ = {
			isa = PBXGroup;
			children = (
				F8046A9627A54B4B0028D5D3 /* hello.app */,
				F8046AAC27A54B4C0028D5D3 /* helloTests.xctest */,
				F8046AB627A54B4C0028D5D3 /* helloUITests.xctest */,
			);
			name = Products;
			sourceTree = "<group>";
		};
		F8046A9827A54B4B0028D5D3 /* hello */ = {
			isa = PBXGroup;
			children = (
				F8046A9927A54B4B0028D5D3 /* AppDelegate.swift */,
				F8046A9B27A54B4B0028D5D3 /* SceneDelegate.swift */,
				F8046A9D27A54B4B0028D5D3 /* ViewController.swift */,
				F8046A9F27A54B4B0028D5D3 /* Main.storyboard */,
				F8046AA227A54B4C0028D5D3 /* Assets.xcassets */,
				F8046AA427A54B4C0028D5D3 /* LaunchScreen.storyboard */,
				F8046AA727A54B4C0028D5D3 /* Info.plist */,
			);
			path = hello;
			sourceTree = "<group>";
		};
		F8046AAF27A54B4C0028D5D3 /* helloTests */ = {
			isa = PBXGroup;
			children = (
				F8046AB027A54B4C0028D5D3 /* helloTests.swift */,
			);
			path = helloTests;
			sourceTree = "<group>";
		};
		F8046AB927A54B4C0028D5D3 /* helloUITests */ = {
			isa = PBXGroup;
			children = (
				F8046ABA27A54B4C0028D5D3 /* helloUITests.swift */,
				F8046ABC27A54B4C0028D5D3 /* helloUITestsLaunchTests.swift */,
			);
			path = helloUITests;
			sourceTree = "<group>";
		};
/* End PBXGroup section */

/* Begin PBXNativeTarget section */
		F8046A9527A54B4B0028D5D3 /* hello */ = {
			isa = PBXNativeTarget;
			buildConfigurationList = F8046AC027A54B4C0028D5D3 /* Build configuration list for PBXNativeTarget "hello" */;
			buildPhases = (
				F8046A9227A54B4B0028D5D3 /* Sources */,
				F8046A9327A54B4B0028D5D3 /* Frameworks */,
				F8046A9427A54B4B0028D5D3 /* Resources */,
			);
			buildRules = (
			);
			dependencies = (
			);
			name = hello;
			productName = hello;
			productReference = F8046A9627A54B4B0028D5D3 /* hello.app */;
			productType = "com.apple.product-type.application";
		};
		F8046AAB27A54B4C0028D5D3 /* helloTests */ = {
			isa = PBXNativeTarget;
			buildConfigurationList = F8046AC327A54B4C0028D5D3 /* Build configuration list for PBXNativeTarget "helloTests" */;
			buildPhases = (
				F8046AA827A54B4C0028D5D3 /* Sources */,
				F8046AA927A54B4C0028D5D3 /* Frameworks */,
				F8046AAA27A54B4C0028D5D3 /* Resources */,
			);
			buildRules = (
			);
			dependencies = (
				F8046AAE27A54B4C0028D5D3 /* PBXTargetDependency */,
			);
			name = helloTests;
			productName = helloTests;
			productReference = F8046AAC27A54B4C0028D5D3 /* helloTests.xctest */;
			productType = "com.apple.product-type.bundle.unit-test";
		};
		F8046AB527A54B4C0028D5D3 /* helloUITests */ = {
			isa = PBXNativeTarget;
			buildConfigurationList = F8046AC627A54B4C0028D5D3 /* Build configuration list for PBXNativeTarget "helloUITests" */;
			buildPhases = (
				F8046AB227A54B4C0028D5D3 /* Sources */,
				F8046AB327A54B4C0028D5D3 /* Frameworks */,
				F8046AB427A54B4C0028D5D3 /* Resources */,
			);
			buildRules = (
			);
			dependencies = (
				F8046AB827A54B4C0028D5D3 /* PBXTargetDependency */,
			);
			name = helloUITests;
			productName = helloUITests;
			productReference = F8046AB627A54B4C0028D5D3 /* helloUITests.xctest */;
			productType = "com.apple.product-type.bundle.ui-testing";
		};
/* End PBXNativeTarget section */

/* Begin PBXProject section */
		F8046A8E27A54B4B0028D5D3 /* Project object */ = {
			isa = PBXProject;
			attributes = {
				BuildIndependentTargetsInParallel = 1;
				LastSwiftUpdateCheck = 1320;
				LastUpgradeCheck = 1320;
				TargetAttributes = {
					F8046A9527A54B4B0028D5D3 = {
						CreatedOnToolsVersion = 13.2.1;
					};
					F8046AAB27A54B4C0028D5D3 = {
						CreatedOnToolsVersion = 13.2.1;
						TestTargetID = F8046A9527A54B4B0028D5D3;
					};
					F8046AB527A54B4C0028D5D3 = {
						CreatedOnToolsVersion = 13.2.1;
						TestTargetID = F8046A9527A54B4B0028D5D3;
					};
				};
			};
			buildConfigurationList = F8046A9127A54B4B0028D5D3 /* Build configuration list for PBXProject "hello" */;
			compatibilityVersion = "Xcode 13.0";
			developmentRegion = en;
			hasScannedForEncodings = 0;
			knownRegions = (
				en,
				Base,
			);
			mainGroup = F8046A8D27A54B4B0028D5D3;
			productRefGroup = F8046A9727A54B4B0028D5D3 /* Products */;
			projectDirPath = "";
			projectRoot = "";
			targets = (
				F8046A9527A54B4B0028D5D3 /* hello */,
				F8046AAB27A54B4C0028D5D3 /* helloTests */,
				F8046AB527A54B4C0028D5D3 /* helloUITests */,
			);
		};
/* End PBXProject section */

/* Begin PBXResourcesBuildPhase section */
		F8046A9427A54B4B0028D5D3 /* Resources */ = {
			isa = PBXResourcesBuildPhase;
			buildActionMask = 2147483647;
			files = (
				F8046AA627A54B4C0028D5D3 /* LaunchScreen.storyboard in Resources */,
				F8046AA327A54B4C0028D5D3 /* Assets.xcassets in Resources */,
				F8046AA127A54B4B0028D5D3 /* Main.storyboard in Resources */,
			);
			runOnlyForDeploymentPostprocessing = 0;
		};
		F8046AAA27A54B4C0028D5D3 /* Resources */ = {
			isa = PBXResourcesBuildPhase;
			buildActionMask = 2147483647;
			files = (
			);
			runOnlyForDeploymentPostprocessing = 0;
		};
		F8046AB427A54B4C0028D5D3 /* Resources */ = {
			isa = PBXResourcesBuildPhase;
			buildActionMask = 2147483647;
			files = (
			);
			runOnlyForDeploymentPostprocessing = 0;
		};
/* End PBXResourcesBuildPhase section */

/* Begin PBXSourcesBuildPhase section */
		F8046A9227A54B4B0028D5D3 /* Sources */ = {
			isa = PBXSourcesBuildPhase;
			buildActionMask = 2147483647;
			files = (
				F8046A9E27A54B4B0028D5D3 /* ViewController.swift in Sources */,
				F8046A9A27A54B4B0028D5D3 /* AppDelegate.swift in Sources */,
				F8046A9C27A54B4B0028D5D3 /* SceneDelegate.swift in Sources */,
			);
			runOnlyForDeploymentPostprocessing = 0;
		};
		F8046AA827A54B4C0028D5D3 /* Sources */ = {
			isa = PBXSourcesBuildPhase;
			buildActionMask = 2147483647;
			files = (
				F8046AB127A54B4C0028D5D3 /* helloTests.swift in Sources */,
			);
			runOnlyForDeploymentPostprocessing = 0;
		};
		F8046AB227A54B4C0028D5D3 /* Sources */ = {
			isa = PBXSourcesBuildPhase;
			buildActionMask = 2147483647;
			files = (
				F8046ABB27A54B4C0028D5D3 /* helloUITests.swift in Sources */,
				F8046ABD27A54B4C0028D5D3 /* helloUITestsLaunchTests.swift in Sources */,
			);
			runOnlyForDeploymentPostprocessing = 0;
		};
/* End PBXSourcesBuildPhase section */

/* Begin PBXTargetDependency section */
		F8046AAE27A54B4C0028D5D3 /* PBXTargetDependency */ = {
			isa = PBXTargetDependency;
			target = F8046A9527A54B4B0028D5D3 /* hello */;
			targetProxy = F8046AAD27A54B4C0028D5D3 /* PBXContainerItemProxy */;
		};
		F8046AB827A54B4C0028D5D3 /* PBXTargetDependency */ = {
			isa = PBXTargetDependency;
			target = F8046A9527A54B4B0028D5D3 /* hello */;
			targetProxy = F8046AB727A54B4C0028D5D3 /* PBXContainerItemProxy */;
		};
/* End PBXTargetDependency section */

/* Begin PBXVariantGroup section */
		F8046A9F27A54B4B0028D5D3 /* Main.storyboard */ = {
			isa = PBXVariantGroup;
			children = (
				F8046AA027A54B4B0028D5D3 /* Base */,
			);
			name = Main.storyboard;
			sourceTree = "<group>";
		};
		F8046AA427A54B4C0028D5D3 /* LaunchScreen.storyboard */ = {
			isa = PBXVariantGroup;
			children = (
				F8046AA527A54B4C0028D5D3 /* Base */,
			);
			name = LaunchScreen.storyboard;
			sourceTree = "<group>";
		};
/* End PBXVariantGroup section */

/* Begin XCBuildConfiguration section */
		F8046ABE27A54B4C0028D5D3 /* Debug */ = {
			isa = XCBuildConfiguration;
			buildSettings = {
				ALWAYS_SEARCH_USER_PATHS = NO;
				CLANG_ANALYZER_NONNULL = YES;
				CLANG_ANALYZER_NUMBER_OBJECT_CONVERSION = YES_AGGRESSIVE;
				CLANG_CXX_LANGUAGE_STANDARD = "gnu++17";
				CLANG_CXX_LIBRARY = "libc++";
				CLANG_ENABLE_MODULES = YES;
				CLANG_ENABLE_OBJC_ARC = YES;
				CLANG_ENABLE_OBJC_WEAK = YES;
				CLANG_WARN_BLOCK_CAPTURE_AUTORELEASING = YES;
				CLANG_WARN_BOOL_CONVERSION = YES;
				CLANG_WARN_COMMA = YES;
				CLANG_WARN_CONSTANT_CONVERSION = YES;
				CLANG_WARN_DEPRECATED_OBJC_IMPLEMENTATIONS = YES;
				CLANG_WARN_DIRECT_OBJC_ISA_USAGE = YES_ERROR;
				CLANG_WARN_DOCUMENTATION_COMMENTS = YES;
				CLANG_WARN_EMPTY_BODY = YES;
				CLANG_WARN_ENUM_CONVERSION = YES;
				CLANG_WARN_INFINITE_RECURSION = YES;
				CLANG_WARN_INT_CONVERSION = YES;
				CLANG_WARN_NON_LITERAL_NULL_CONVERSION = YES;
				CLANG_WARN_OBJC_IMPLICIT_RETAIN_SELF = YES;
				CLANG_WARN_OBJC_LITERAL_CONVERSION = YES;
				CLANG_WARN_OBJC_ROOT_CLASS = YES_ERROR;
				CLANG_WARN_QUOTED_INCLUDE_IN_FRAMEWORK_HEADER = YES;
				CLANG_WARN_RANGE_LOOP_ANALYSIS = YES;
				CLANG_WARN_STRICT_PROTOTYPES = YES;
				CLANG_WARN_SUSPICIOUS_MOVE = YES;
				CLANG_WARN_UNGUARDED_AVAILABILITY = YES_AGGRESSIVE;
				CLANG_WARN_UNREACHABLE_CODE = YES;
				CLANG_WARN__DUPLICATE_METHOD_MATCH = YES;
				COPY_PHASE_STRIP = NO;
				DEBUG_INFORMATION_FORMAT = dwarf;
				ENABLE_STRICT_OBJC_MSGSEND = YES;
				ENABLE_TESTABILITY = YES;
				GCC_C_LANGUAGE_STANDARD = gnu11;
				GCC_DYNAMIC_NO_PIC = NO;
				GCC_NO_COMMON_BLOCKS = YES;
				GCC_OPTIMIZATION_LEVEL = 0;
				GCC_PREPROCESSOR_DEFINITIONS = (
					"DEBUG=1",
					"$(inherited)",
				);
				GCC_WARN_64_TO_32_BIT_CONVERSION = YES;
				GCC_WARN_ABOUT_RETURN_TYPE = YES_ERROR;
				GCC_WARN_UNDECLARED_SELECTOR = YES;
				GCC_WARN_UNINITIALIZED_AUTOS = YES_AGGRESSIVE;
				GCC_WARN_UNUSED_FUNCTION = YES;
				GCC_WARN_UNUSED_VARIABLE = YES;
				IPHONEOS_DEPLOYMENT_TARGET = 15.2;
				MTL_ENABLE_DEBUG_INFO = INCLUDE_SOURCE;
				MTL_FAST_MATH = YES;
				ONLY_ACTIVE_ARCH = YES;
				SDKROOT = iphoneos;
				SWIFT_ACTIVE_COMPILATION_CONDITIONS = DEBUG;
				SWIFT_OPTIMIZATION_LEVEL = "-Onone";
			};
			name = Debug;
		};
		F8046ABF27A54B4C0028D5D3 /* Release */ = {
			isa = XCBuildConfiguration;
			buildSettings = {
				ALWAYS_SEARCH_USER_PATHS = NO;
				CLANG_ANALYZER_NONNULL = YES;
				CLANG_ANALYZER_NUMBER_OBJECT_CONVERSION = YES_AGGRESSIVE;
				CLANG_CXX_LANGUAGE_STANDARD = "gnu++17";
				CLANG_CXX_LIBRARY = "libc++";
				CLANG_ENABLE_MODULES = YES;
				CLANG_ENABLE_OBJC_ARC = YES;
				CLANG_ENABLE_OBJC_WEAK = YES;
				CLANG_WARN_BLOCK_CAPTURE_AUTORELEASING = YES;
				CLANG_WARN_BOOL_CONVERSION = YES;
				CLANG_WARN_COMMA = YES;
				CLANG_WARN_CONSTANT_CONVERSION = YES;
				CLANG_WARN_DEPRECATED_OBJC_IMPLEMENTATIONS = YES;
				CLANG_WARN_DIRECT_OBJC_ISA_USAGE = YES_ERROR;
				CLANG_WARN_DOCUMENTATION_COMMENTS = YES;
				CLANG_WARN_EMPTY_BODY = YES;
				CLANG_WARN_ENUM_CONVERSION = YES;
				CLANG_WARN_INFINITE_RECURSION = YES;
				CLANG_WARN_INT_CONVERSION = YES;
				CLANG_WARN_NON_LITERAL_NULL_CONVERSION = YES;
				CLANG_WARN_OBJC_IMPLICIT_RETAIN_SELF = YES;
				CLANG_WARN_OBJC_LITERAL_CONVERSION = YES;
				CLANG_WARN_OBJC_ROOT_CLASS = YES_ERROR;
				CLANG_WARN_QUOTED_INCLUDE_IN_FRAMEWORK_HEADER = YES;
				CLANG_WARN_RANGE_LOOP_ANALYSIS = YES;
				CLANG_WARN_STRICT_PROTOTYPES = YES;
				CLANG_WARN_SUSPICIOUS_MOVE = YES;
				CLANG_WARN_UNGUARDED_AVAILABILITY = YES_AGGRESSIVE;
				CLANG_WARN_UNREACHABLE_CODE = YES;
				CLANG_WARN__DUPLICATE_METHOD_MATCH = YES;
				COPY_PHASE_STRIP = NO;
				DEBUG_INFORMATION_FORMAT = "dwarf-with-dsym";
				ENABLE_NS_ASSERTIONS = NO;
				ENABLE_STRICT_OBJC_MSGSEND = YES;
				GCC_C_LANGUAGE_STANDARD = gnu11;
				GCC_NO_COMMON_BLOCKS = YES;
				GCC_WARN_64_TO_32_BIT_CONVERSION = YES;
				GCC_WARN_ABOUT_RETURN_TYPE = YES_ERROR;
				GCC_WARN_UNDECLARED_SELECTOR = YES;
				GCC_WARN_UNINITIALIZED_AUTOS = YES_AGGRESSIVE;
				GCC_WARN_UNUSED_FUNCTION = YES;
				GCC_WARN_UNUSED_VARIABLE = YES;
				IPHONEOS_DEPLOYMENT_TARGET = 15.2;
				MTL_ENABLE_DEBUG_INFO = NO;
				MTL_FAST_MATH = YES;
				SDKROOT = iphoneos;
				SWIFT_COMPILATION_MODE = wholemodule;
				SWIFT_OPTIMIZATION_LEVEL = "-O";
				VALIDATE_PRODUCT = YES;
			};
			name = Release;
		};
		F8046AC127A54B4C0028D5D3 /* Debug */ = {
			isa = XCBuildConfiguration;
			buildSettings = {
				ASSETCATALOG_COMPILER_APPICON_NAME = AppIcon;
				ASSETCATALOG_COMPILER_GLOBAL_ACCENT_COLOR_NAME = AccentColor;
				CODE_SIGN_STYLE = Automatic;
				CURRENT_PROJECT_VERSION = 1;
				GENERATE_INFOPLIST_FILE = YES;
				INFOPLIST_FILE = hello/Info.plist;
				INFOPLIST_KEY_UIApplicationSupportsIndirectInputEvents = YES;
				INFOPLIST_KEY_UILaunchStoryboardName = LaunchScreen;
				INFOPLIST_KEY_UIMainStoryboardFile = Main;
				INFOPLIST_KEY_UISupportedInterfaceOrientations_iPad = "UIInterfaceOrientationPortrait UIInterfaceOrientationPortraitUpsideDown UIInterfaceOrientationLandscapeLeft UIInterfaceOrientationLandscapeRight";
				INFOPLIST_KEY_UISupportedInterfaceOrientations_iPhone = "UIInterfaceOrientationPortrait UIInterfaceOrientationLandscapeLeft UIInterfaceOrientationLandscapeRight";
				LD_RUNPATH_SEARCH_PATHS = (
					"$(inherited)",
					"@executable_path/Frameworks",
				);
				MARKETING_VERSION = 1.0;
				PRODUCT_BUNDLE_IDENTIFIER = com.yourcompany.hello;
				PRODUCT_NAME = "$(TARGET_NAME)";
				SWIFT_EMIT_LOC_STRINGS = YES;
				SWIFT_VERSION = 5.0;
				TARGETED_DEVICE_FAMILY = "1,2";
			};
			name = Debug;
		};
		F8046AC227A54B4C0028D5D3 /* Release */ = {
			isa = XCBuildConfiguration;
			buildSettings = {
				ASSETCATALOG_COMPILER_APPICON_NAME = AppIcon;
				ASSETCATALOG_COMPILER_GLOBAL_ACCENT_COLOR_NAME = AccentColor;
				CODE_SIGN_STYLE = Automatic;
				CURRENT_PROJECT_VERSION = 1;
				GENERATE_INFOPLIST_FILE = YES;
				INFOPLIST_FILE = hello/Info.plist;
				INFOPLIST_KEY_UIApplicationSupportsIndirectInputEvents = YES;
				INFOPLIST_KEY_UILaunchStoryboardName = LaunchScreen;
				INFOPLIST_KEY_UIMainStoryboardFile = Main;
				INFOPLIST_KEY_UISupportedInterfaceOrientations_iPad = "UIInterfaceOrientationPortrait UIInterfaceOrientationPortraitUpsideDown UIInterfaceOrientationLandscapeLeft UIInterfaceOrientationLandscapeRight";
				INFOPLIST_KEY_UISupportedInterfaceOrientations_iPhone = "UIInterfaceOrientationPortrait UIInterfaceOrientationLandscapeLeft UIInterfaceOrientationLandscapeRight";
				LD_RUNPATH_SEARCH_PATHS = (
					"$(inherited)",
					"@executable_path/Frameworks",
				);
				MARKETING_VERSION = 1.0;
				PRODUCT_BUNDLE_IDENTIFIER = com.yourcompany.hello;
				PRODUCT_NAME = "$(TARGET_NAME)";
				SWIFT_EMIT_LOC_STRINGS = YES;
				SWIFT_VERSION = 5.0;
				TARGETED_DEVICE_FAMILY = "1,2";
			};
			name = Release;
		};
		F8046AC427A54B4C0028D5D3 /* Debug */ = {
			isa = XCBuildConfiguration;
			buildSettings = {
				ALWAYS_EMBED_SWIFT_STANDARD_LIBRARIES = YES;
				BUNDLE_LOADER = "$(TEST_HOST)";
				CODE_SIGN_STYLE = Automatic;
				CURRENT_PROJECT_VERSION = 1;
				GENERATE_INFOPLIST_FILE = YES;
				IPHONEOS_DEPLOYMENT_TARGET = 15.2;
				MARKETING_VERSION = 1.0;
				PRODUCT_BUNDLE_IDENTIFIER = com.yourcompany.helloTests;
				PRODUCT_NAME = "$(TARGET_NAME)";
				SWIFT_EMIT_LOC_STRINGS = NO;
				SWIFT_VERSION = 5.0;
				TARGETED_DEVICE_FAMILY = "1,2";
				TEST_HOST = "$(BUILT_PRODUCTS_DIR)/hello.app/hello";
			};
			name = Debug;
		};
		F8046AC527A54B4C0028D5D3 /* Release */ = {
			isa = XCBuildConfiguration;
			buildSettings = {
				ALWAYS_EMBED_SWIFT_STANDARD_LIBRARIES = YES;
				BUNDLE_LOADER = "$(TEST_HOST)";
				CODE_SIGN_STYLE = Automatic;
				CURRENT_PROJECT_VERSION = 1;
				GENERATE_INFOPLIST_FILE = YES;
				IPHONEOS_DEPLOYMENT_TARGET = 15.2;
				MARKETING_VERSION = 1.0;
				PRODUCT_BUNDLE_IDENTIFIER = com.yourcompany.helloTests;
				PRODUCT_NAME = "$(TARGET_NAME)";
				SWIFT_EMIT_LOC_STRINGS = NO;
				SWIFT_VERSION = 5.0;
				TARGETED_DEVICE_FAMILY = "1,2";
				TEST_HOST = "$(BUILT_PRODUCTS_DIR)/hello.app/hello";
			};
			name = Release;
		};
		F8046AC727A54B4C0028D5D3 /* Debug */ = {
			isa = XCBuildConfiguration;
			buildSettings = {
				ALWAYS_EMBED_SWIFT_STANDARD_LIBRARIES = YES;
				CODE_SIGN_STYLE = Automatic;
				CURRENT_PROJECT_VERSION = 1;
				GENERATE_INFOPLIST_FILE = YES;
				MARKETING_VERSION = 1.0;
				PRODUCT_BUNDLE_IDENTIFIER = com.yourcompany.helloUITests;
				PRODUCT_NAME = "$(TARGET_NAME)";
				SWIFT_EMIT_LOC_STRINGS = NO;
				SWIFT_VERSION = 5.0;
				TARGETED_DEVICE_FAMILY = "1,2";
				TEST_TARGET_NAME = hello;
			};
			name = Debug;
		};
		F8046AC827A54B4C0028D5D3 /* Release */ = {
			isa = XCBuildConfiguration;
			buildSettings = {
				ALWAYS_EMBED_SWIFT_STANDARD_LIBRARIES = YES;
				CODE_SIGN_STYLE = Automatic;
				CURRENT_PROJECT_VERSION = 1;
				GENERATE_INFOPLIST_FILE = YES;
				MARKETING_VERSION = 1.0;
				PRODUCT_BUNDLE_IDENTIFIER = com.yourcompany.helloUITests;
				PRODUCT_NAME = "$(TARGET_NAME)";
				SWIFT_EMIT_LOC_STRINGS = NO;
				SWIFT_VERSION = 5.0;
				TARGETED_DEVICE_FAMILY = "1,2";
				TEST_TARGET_NAME = hello;
			};
			name = Release;
		};
/* End XCBuildConfiguration section */

/* Begin XCConfigurationList section */
		F8046A9127A54B4B0028D5D3 /* Build configuration list for PBXProject "hello" */ = {
			isa = XCConfigurationList;
			buildConfigurations = (
				F8046ABE27A54B4C0028D5D3 /* Debug */,
				F8046ABF27A54B4C0028D5D3 /* Release */,
			);
			defaultConfigurationIsVisible = 0;
			defaultConfigurationName = Release;
		};
		F8046AC027A54B4C0028D5D3 /* Build configuration list for PBXNativeTarget "hello" */ = {
			isa = XCConfigurationList;
			buildConfigurations = (
				F8046AC127A54B4C0028D5D3 /* Debug */,
				F8046AC227A54B4C0028D5D3 /* Release */,
			);
			defaultConfigurationIsVisible = 0;
			defaultConfigurationName = Release;
		};
		F8046AC327A54B4C0028D5D3 /* Build configuration list for PBXNativeTarget "helloTests" */ = {
			isa = XCConfigurationList;
			buildConfigurations = (
				F8046AC427A54B4C0028D5D3 /* Debug */,
				F8046AC527A54B4C0028D5D3 /* Release */,
			);
			defaultConfigurationIsVisible = 0;
			defaultConfigurationName = Release;
		};
		F8046AC627A54B4C0028D5D3 /* Build configuration list for PBXNativeTarget "helloUITests" */ = {
			isa = XCConfigurationList;
			buildConfigurations = (
				F8046AC727A54B4C0028D5D3 /* Debug */,
				F8046AC827A54B4C0028D5D3 /* Release */,
			);
			defaultConfigurationIsVisible = 0;
			defaultConfigurationName = Release;
		};
/* End XCConfigurationList section */
	};
	rootObject = F8046A8E27A54B4B0028D5D3 /* Project object */;
}
